
Microsoft Visual Studio Solution File, Format Version 12.00
# Visual Studio Version 16
VisualStudioVersion = 16.0.29613.14
MinimumVisualStudioVersion = 10.0.40219.1
Project("{8BC9CEB8-8B4A-11D0-8D11-00A0C91BC942}") = "No 8 Mlaware(Computer forced shutdown)", "No 8 Mlaware(Computer forced shutdown)\No 8 Mlaware(Computer forced shutdown).vcxproj", "{6F6690AB-292C-476A-8B00-1E99D50C1763}"
EndProject
Global
	GlobalSection(SolutionConfigurationPlatforms) = preSolution
		Debug|x64 = Debug|x64
		Debug|x86 = Debug|x86
		Release|x64 = Release|x64
		Release|x86 = Release|x86
	EndGlobalSection
	GlobalSection(ProjectConfigurationPlatforms) = postSolution
		{6F6690AB-292C-476A-8B00-1E99D50C1763}.Debug|x64.ActiveCfg = Debug|x64
		{6F6690AB-292C-476A-8B00-1E99D50C1763}.Debug|x64.Build.0 = Debug|x64
		{6F6690AB-292C-476A-8B00-1E99D50C1763}.Debug|x86.ActiveCfg = Debug|Win32
		{6F6690AB-292C-476A-8B00-1E99D50C1763}.Debug|x86.Build.0 = Debug|Win32
		{6F6690AB-292C-476A-8B00-1E99D50C1763}.Release|x64.ActiveCfg = Release|x64
		{6F6690AB-292C-476A-8B00-1E99D50C1763}.Release|x64.Build.0 = Release|x64
		{6F6690AB-292C-476A-8B00-1E99D50C1763}.Release|x86.ActiveCfg = Release|Win32
		{6F6690AB-292C-476A-8B00-1E99D50C1763}.Release|x86.Build.0 = Release|Win32
	EndGlobalSection
	GlobalSection(SolutionProperties) = preSolution
		HideSolutionNode = FALSE
	EndGlobalSection
	GlobalSection(ExtensibilityGlobals) = postSolution
		SolutionGuid = {174B6DA1-34C7-4F2E-9A07-CDFB585F1D94}
	EndGlobalSection
EndGlobal
